
Microsoft Visual Studio Solution File, Format Version 12.00
# Visual Studio Version 16
VisualStudioVersion = 16.0.31515.178
MinimumVisualStudioVersion = 10.0.40219.1
Project("{FAE04EC0-301F-11D3-BF4B-00C04F79EFBC}") = "BitWise", "BitWise\BitWise.csproj", "{9516FC3B-2BAB-48D7-AFB0-7FD74566CED7}"
EndProject
Project("{FAE04EC0-301F-11D3-BF4B-00C04F79EFBC}") = "EarthquakeEvents", "EarthquakeEvents\EarthquakeEvents.csproj", "{115B58BA-C944-47E5-9466-883BA88B464B}"
EndProject
Project("{FAE04EC0-301F-11D3-BF4B-00C04F79EFBC}") = "TryCatchFinally", "TryCatchFinally\TryCatchFinally.csproj", "{3613F15B-12AC-4AD7-A2BC-9F367556C586}"
EndProject
Project("{FAE04EC0-301F-11D3-BF4B-00C04F79EFBC}") = "GenericsExample", "GenericsExample\GenericsExample.csproj", "{90374E51-F13F-499F-A41A-52A10526912C}"
EndProject
Project("{FAE04EC0-301F-11D3-BF4B-00C04F79EFBC}") = "GenericsInterfaceExample", "GenericsInterfaceExample\GenericsInterfaceExample.csproj", "{080F3167-65E9-462D-9E30-76F6FE939569}"
EndProject
Global
	GlobalSection(SolutionConfigurationPlatforms) = preSolution
		Debug|Any CPU = Debug|Any CPU
		Release|Any CPU = Release|Any CPU
	EndGlobalSection
	GlobalSection(ProjectConfigurationPlatforms) = postSolution
		{9516FC3B-2BAB-48D7-AFB0-7FD74566CED7}.Debug|Any CPU.ActiveCfg = Debug|Any CPU
		{9516FC3B-2BAB-48D7-AFB0-7FD74566CED7}.Debug|Any CPU.Build.0 = Debug|Any CPU
		{9516FC3B-2BAB-48D7-AFB0-7FD74566CED7}.Release|Any CPU.ActiveCfg = Release|Any CPU
		{9516FC3B-2BAB-48D7-AFB0-7FD74566CED7}.Release|Any CPU.Build.0 = Release|Any CPU
		{115B58BA-C944-47E5-9466-883BA88B464B}.Debug|Any CPU.ActiveCfg = Debug|Any CPU
		{115B58BA-C944-47E5-9466-883BA88B464B}.Debug|Any CPU.Build.0 = Debug|Any CPU
		{115B58BA-C944-47E5-9466-883BA88B464B}.Release|Any CPU.ActiveCfg = Release|Any CPU
		{115B58BA-C944-47E5-9466-883BA88B464B}.Release|Any CPU.Build.0 = Release|Any CPU
		{3613F15B-12AC-4AD7-A2BC-9F367556C586}.Debug|Any CPU.ActiveCfg = Debug|Any CPU
		{3613F15B-12AC-4AD7-A2BC-9F367556C586}.Debug|Any CPU.Build.0 = Debug|Any CPU
		{3613F15B-12AC-4AD7-A2BC-9F367556C586}.Release|Any CPU.ActiveCfg = Release|Any CPU
		{3613F15B-12AC-4AD7-A2BC-9F367556C586}.Release|Any CPU.Build.0 = Release|Any CPU
		{90374E51-F13F-499F-A41A-52A10526912C}.Debug|Any CPU.ActiveCfg = Debug|Any CPU
		{90374E51-F13F-499F-A41A-52A10526912C}.Debug|Any CPU.Build.0 = Debug|Any CPU
		{90374E51-F13F-499F-A41A-52A10526912C}.Release|Any CPU.ActiveCfg = Release|Any CPU
		{90374E51-F13F-499F-A41A-52A10526912C}.Release|Any CPU.Build.0 = Release|Any CPU
		{080F3167-65E9-462D-9E30-76F6FE939569}.Debug|Any CPU.ActiveCfg = Debug|Any CPU
		{080F3167-65E9-462D-9E30-76F6FE939569}.Debug|Any CPU.Build.0 = Debug|Any CPU
		{080F3167-65E9-462D-9E30-76F6FE939569}.Release|Any CPU.ActiveCfg = Release|Any CPU
		{080F3167-65E9-462D-9E30-76F6FE939569}.Release|Any CPU.Build.0 = Release|Any CPU
	EndGlobalSection
	GlobalSection(SolutionProperties) = preSolution
		HideSolutionNode = FALSE
	EndGlobalSection
	GlobalSection(ExtensibilityGlobals) = postSolution
		SolutionGuid = {2A614940-F249-420A-AE8F-CA0F8BFD940B}
	EndGlobalSection
EndGlobal
